
Microsoft Visual Studio Solution File, Format Version 12.00
# Visual Studio Version 16
VisualStudioVersion = 16.0.31205.134
MinimumVisualStudioVersion = 10.0.40219.1
Project("{9A19103F-16F7-4668-BE54-9A1E7A4F7556}") = "LuciansLusciousLasagna", "LuciansLusciousLasagna.csproj", "{69EA8652-EE23-4BB6-B66B-C68ACDB0CCC2}"
EndProject
Global
	GlobalSection(SolutionConfigurationPlatforms) = preSolution
		Debug|Any CPU = Debug|Any CPU
		Release|Any CPU = Release|Any CPU
	EndGlobalSection
	GlobalSection(ProjectConfigurationPlatforms) = postSolution
		{69EA8652-EE23-4BB6-B66B-C68ACDB0CCC2}.Debug|Any CPU.ActiveCfg = Debug|Any CPU
		{69EA8652-EE23-4BB6-B66B-C68ACDB0CCC2}.Debug|Any CPU.Build.0 = Debug|Any CPU
		{69EA8652-EE23-4BB6-B66B-C68ACDB0CCC2}.Release|Any CPU.ActiveCfg = Release|Any CPU
		{69EA8652-EE23-4BB6-B66B-C68ACDB0CCC2}.Release|Any CPU.Build.0 = Release|Any CPU
	EndGlobalSection
	GlobalSection(SolutionProperties) = preSolution
		HideSolutionNode = FALSE
	EndGlobalSection
	GlobalSection(ExtensibilityGlobals) = postSolution
		SolutionGuid = {D7D1D47D-1FE0-48A9-8537-2F35CE3BAE07}
	EndGlobalSection
EndGlobal
