
Microsoft Visual Studio Solution File, Format Version 12.00
# Visual Studio Version 17
VisualStudioVersion = 17.0.32014.148
MinimumVisualStudioVersion = 10.0.40219.1
Project("{9A19103F-16F7-4668-BE54-9A1E7A4F7556}") = "LogAnalysis", "LogAnalysis.csproj", "{98DA2F04-447C-4890-9B77-96836B3D5A5E}"
EndProject
Global
	GlobalSection(SolutionConfigurationPlatforms) = preSolution
		Debug|Any CPU = Debug|Any CPU
		Debug|x64 = Debug|x64
		Release|Any CPU = Release|Any CPU
		Release|x64 = Release|x64
	EndGlobalSection
	GlobalSection(ProjectConfigurationPlatforms) = postSolution
		{98DA2F04-447C-4890-9B77-96836B3D5A5E}.Debug|Any CPU.ActiveCfg = Debug|Any CPU
		{98DA2F04-447C-4890-9B77-96836B3D5A5E}.Debug|Any CPU.Build.0 = Debug|Any CPU
		{98DA2F04-447C-4890-9B77-96836B3D5A5E}.Debug|x64.ActiveCfg = Debug|x64
		{98DA2F04-447C-4890-9B77-96836B3D5A5E}.Debug|x64.Build.0 = Debug|x64
		{98DA2F04-447C-4890-9B77-96836B3D5A5E}.Release|Any CPU.ActiveCfg = Release|Any CPU
		{98DA2F04-447C-4890-9B77-96836B3D5A5E}.Release|Any CPU.Build.0 = Release|Any CPU
		{98DA2F04-447C-4890-9B77-96836B3D5A5E}.Release|x64.ActiveCfg = Release|x64
		{98DA2F04-447C-4890-9B77-96836B3D5A5E}.Release|x64.Build.0 = Release|x64
	EndGlobalSection
	GlobalSection(SolutionProperties) = preSolution
		HideSolutionNode = FALSE
	EndGlobalSection
	GlobalSection(ExtensibilityGlobals) = postSolution
		SolutionGuid = {1179FEF6-DC72-4A71-83DB-6AB6389895E5}
	EndGlobalSection
EndGlobal
